# This file was autogenerated by Stack.
# You should not edit this file by hand.
# For more information, please see the documentation at:
#   https://docs.haskellstack.org/en/stable/lock_files

packages:
- completed:
    hackage: loops-0.2.0.2@sha256:ef9ed99ec28140d39775a0b9c44333496d3ee754995219460d76cb137a9534ce,2551
    pantry-tree:
      size: 700
      sha256: 6a4983466bbfb6590d419119330c65924b523e084f77ea35bb23b70b8bb26997
  original:
    hackage: loops-0.2.0.2@sha256:ef9ed99ec28140d39775a0b9c44333496d3ee754995219460d76cb137a9534ce,2551
snapshots:
- completed:
    size: 533053
    url: https://raw.githubusercontent.com/commercialhaskell/stackage-snapshots/master/lts/16/29.yaml
    sha256: eb8ccc595466edefb9a679f19aec2e283d12f4c6ea5eefded1ebe8bd157d77d1
  original:
    url: https://raw.githubusercontent.com/commercialhaskell/stackage-snapshots/master/lts/16/29.yaml
